
Microsoft Visual Studio Solution File, Format Version 12.00
# Visual Studio Version 17
VisualStudioVersion = 17.4.33213.308
MinimumVisualStudioVersion = 10.0.40219.1
Project("{FAE04EC0-301F-11D3-BF4B-00C04F79EFBC}") = "DotNet Lab4", "DotNet Lab4.csproj", "{1A1CBD63-61F0-4AF0-8916-450BC400FA51}"
EndProject
Global
	GlobalSection(SolutionConfigurationPlatforms) = preSolution
		Debug|Any CPU = Debug|Any CPU
		Release|Any CPU = Release|Any CPU
	EndGlobalSection
	GlobalSection(ProjectConfigurationPlatforms) = postSolution
		{1A1CBD63-61F0-4AF0-8916-450BC400FA51}.Debug|Any CPU.ActiveCfg = Debug|Any CPU
		{1A1CBD63-61F0-4AF0-8916-450BC400FA51}.Debug|Any CPU.Build.0 = Debug|Any CPU
		{1A1CBD63-61F0-4AF0-8916-450BC400FA51}.Release|Any CPU.ActiveCfg = Release|Any CPU
		{1A1CBD63-61F0-4AF0-8916-450BC400FA51}.Release|Any CPU.Build.0 = Release|Any CPU
	EndGlobalSection
	GlobalSection(SolutionProperties) = preSolution
		HideSolutionNode = FALSE
	EndGlobalSection
	GlobalSection(ExtensibilityGlobals) = postSolution
		SolutionGuid = {E968639E-3DB3-4155-8739-23CC04897B8D}
	EndGlobalSection
EndGlobal
